
Microsoft Visual Studio Solution File, Format Version 12.00
# Visual Studio Version 17
VisualStudioVersion = 17.9.34723.18
MinimumVisualStudioVersion = 10.0.40219.1
Project("{9A19103F-16F7-4668-BE54-9A1E7A4F7556}") = "DMX", "DMX\DMX.csproj", "{7DB67ACD-D1DC-41EB-99D9-1CF296A96FDE}"
EndProject
Project("{FAE04EC0-301F-11D3-BF4B-00C04F79EFBC}") = "DMXI", "DMXI\DMXI.csproj", "{9881A317-5E90-4B9A-941D-487669B2CBAA}"
EndProject
Global
	GlobalSection(SolutionConfigurationPlatforms) = preSolution
		Debug|Any CPU = Debug|Any CPU
		Release|Any CPU = Release|Any CPU
	EndGlobalSection
	GlobalSection(ProjectConfigurationPlatforms) = postSolution
		{7DB67ACD-D1DC-41EB-99D9-1CF296A96FDE}.Debug|Any CPU.ActiveCfg = Debug|Any CPU
		{7DB67ACD-D1DC-41EB-99D9-1CF296A96FDE}.Debug|Any CPU.Build.0 = Debug|Any CPU
		{7DB67ACD-D1DC-41EB-99D9-1CF296A96FDE}.Release|Any CPU.ActiveCfg = Release|Any CPU
		{7DB67ACD-D1DC-41EB-99D9-1CF296A96FDE}.Release|Any CPU.Build.0 = Release|Any CPU
		{9881A317-5E90-4B9A-941D-487669B2CBAA}.Debug|Any CPU.ActiveCfg = Debug|Any CPU
		{9881A317-5E90-4B9A-941D-487669B2CBAA}.Debug|Any CPU.Build.0 = Debug|Any CPU
		{9881A317-5E90-4B9A-941D-487669B2CBAA}.Release|Any CPU.ActiveCfg = Release|Any CPU
		{9881A317-5E90-4B9A-941D-487669B2CBAA}.Release|Any CPU.Build.0 = Release|Any CPU
	EndGlobalSection
	GlobalSection(SolutionProperties) = preSolution
		HideSolutionNode = FALSE
	EndGlobalSection
	GlobalSection(ExtensibilityGlobals) = postSolution
		SolutionGuid = {9076CBB2-94FA-4CED-95C7-AEBB82061910}
	EndGlobalSection
EndGlobal
